
Microsoft Visual Studio Solution File, Format Version 12.00
# Visual Studio Version 16
VisualStudioVersion = 16.0.29215.179
MinimumVisualStudioVersion = 10.0.40219.1
Project("{FAE04EC0-301F-11D3-BF4B-00C04F79EFBC}") = "ICarryApp", "ICarryApp\ICarryApp.csproj", "{F260CB6D-A9F3-4295-AEF8-D224AF8ABA0D}"
EndProject
Global
	GlobalSection(SolutionConfigurationPlatforms) = preSolution
		Debug|Any CPU = Debug|Any CPU
		Release|Any CPU = Release|Any CPU
	EndGlobalSection
	GlobalSection(ProjectConfigurationPlatforms) = postSolution
		{F260CB6D-A9F3-4295-AEF8-D224AF8ABA0D}.Debug|Any CPU.ActiveCfg = Debug|Any CPU
		{F260CB6D-A9F3-4295-AEF8-D224AF8ABA0D}.Debug|Any CPU.Build.0 = Debug|Any CPU
		{F260CB6D-A9F3-4295-AEF8-D224AF8ABA0D}.Release|Any CPU.ActiveCfg = Release|Any CPU
		{F260CB6D-A9F3-4295-AEF8-D224AF8ABA0D}.Release|Any CPU.Build.0 = Release|Any CPU
	EndGlobalSection
	GlobalSection(SolutionProperties) = preSolution
		HideSolutionNode = FALSE
	EndGlobalSection
	GlobalSection(ExtensibilityGlobals) = postSolution
		SolutionGuid = {1FD64D20-4FC8-42BC-9AC7-C36D2C2FCACA}
	EndGlobalSection
EndGlobal
